
Microsoft Visual Studio Solution File, Format Version 12.00
# Visual Studio 15
VisualStudioVersion = 15.0.28307.705
MinimumVisualStudioVersion = 10.0.40219.1
Project("{FAE04EC0-301F-11D3-BF4B-00C04F79EFBC}") = "pokus", "pokus\pokus.csproj", "{D69302A2-CD13-40E4-B64F-033F0F344378}"
EndProject
Global
	GlobalSection(SolutionConfigurationPlatforms) = preSolution
		Debug|Any CPU = Debug|Any CPU
		Release|Any CPU = Release|Any CPU
	EndGlobalSection
	GlobalSection(ProjectConfigurationPlatforms) = postSolution
		{D69302A2-CD13-40E4-B64F-033F0F344378}.Debug|Any CPU.ActiveCfg = Debug|Any CPU
		{D69302A2-CD13-40E4-B64F-033F0F344378}.Debug|Any CPU.Build.0 = Debug|Any CPU
		{D69302A2-CD13-40E4-B64F-033F0F344378}.Release|Any CPU.ActiveCfg = Release|Any CPU
		{D69302A2-CD13-40E4-B64F-033F0F344378}.Release|Any CPU.Build.0 = Release|Any CPU
	EndGlobalSection
	GlobalSection(SolutionProperties) = preSolution
		HideSolutionNode = FALSE
	EndGlobalSection
	GlobalSection(ExtensibilityGlobals) = postSolution
		SolutionGuid = {B5395C26-CB07-4676-85E0-3315A398F26C}
	EndGlobalSection
EndGlobal
